// !$*UTF8*$!
{
	archiveVersion = 1;
	classes = {
	};
	objectVersion = 46;
	objects = {

/* Begin PBXBuildFile section */
		7D2B26EE1650DFE000B66AED /* Foundation.framework in Frameworks */ = {isa = PBXBuildFile; fileRef = 7D2B26ED1650DFE000B66AED /* Foundation.framework */; };
		7D2B26F11650DFE000B66AED /* main.m in Sources */ = {isa = PBXBuildFile; fileRef = 7D2B26F01650DFE000B66AED /* main.m */; };
		7D2B26F51650DFE000B66AED /* Shapes1.1 in CopyFiles */ = {isa = PBXBuildFile; fileRef = 7D2B26F41650DFE000B66AED /* Shapes1.1 */; };
/* End PBXBuildFile section */

/* Begin PBXCopyFilesBuildPhase section */
		7D2B26E71650DFE000B66AED /* CopyFiles */ = {
			isa = PBXCopyFilesBuildPhase;
			buildActionMask = 2147483647;
			dstPath = /usr/share/man/man1/;
			dstSubfolderSpec = 0;
			files = (
				7D2B26F51650DFE000B66AED /* Shapes1.1 in CopyFiles */,
			);
			runOnlyForDeploymentPostprocessing = 1;
		};
/* End PBXCopyFilesBuildPhase section */

/* Begin PBXFileReference section */
		7D2B26E91650DFE000B66AED /* Shapes1 */ = {isa = PBXFileReference; explicitFileType = "compiled.mach-o.executable"; includeInIndex = 0; path = Shapes1; sourceTree = BUILT_PRODUCTS_DIR; };
		7D2B26ED1650DFE000B66AED /* Foundation.framework */ = {isa = PBXFileReference; lastKnownFileType = wrapper.framework; name = Foundation.framework; path = System/Library/Frameworks/Foundation.framework; sourceTree = SDKROOT; };
		7D2B26F01650DFE000B66AED /* main.m */ = {isa = PBXFileReference; lastKnownFileType = sourcecode.c.objc; path = main.m; sourceTree = "<group>"; };
		7D2B26F31650DFE000B66AED /* Shapes1-Prefix.pch */ = {isa = PBXFileReference; lastKnownFileType = sourcecode.c.h; path = "Shapes1-Prefix.pch"; sourceTree = "<group>"; };
		7D2B26F41650DFE000B66AED /* Shapes1.1 */ = {isa = PBXFileReference; lastKnownFileType = text.man; path = Shapes1.1; sourceTree = "<group>"; };
/* End PBXFileReference section */

/* Begin PBXFrameworksBuildPhase section */
		7D2B26E61650DFE000B66AED /* Frameworks */ = {
			isa = PBXFrameworksBuildPhase;
			buildActionMask = 2147483647;
			files = (
				7D2B26EE1650DFE000B66AED /* Foundation.framework in Frameworks */,
			);
			runOnlyForDeploymentPostprocessing = 0;
		};
/* End PBXFrameworksBuildPhase section */

/* Begin PBXGroup section */
		7D2B26DE1650DFE000B66AED = {
			isa = PBXGroup;
			children = (
				7D2B26EF1650DFE000B66AED /* Shapes1 */,
				7D2B26EC1650DFE000B66AED /* Frameworks */,
				7D2B26EA1650DFE000B66AED /* Products */,
			);
			sourceTree = "<group>";
		};
		7D2B26EA1650DFE000B66AED /* Products */ = {
			isa = PBXGroup;
			children = (
				7D2B26E91650DFE000B66AED /* Shapes1 */,
			);
			name = Products;
			sourceTree = "<group>";
		};
		7D2B26EC1650DFE000B66AED /* Frameworks */ = {
			isa = PBXGroup;
			children = (
				7D2B26ED1650DFE000B66AED /* Foundation.framework */,
			);
			name = Frameworks;
			sourceTree = "<group>";
		};
		7D2B26EF1650DFE000B66AED /* Shapes1 */ = {
			isa = PBXGroup;
			children = (
				7D2B26F01650DFE000B66AED /* main.m */,
				7D2B26F41650DFE000B66AED /* Shapes1.1 */,
				7D2B26F21650DFE000B66AED /* Supporting Files */,
			);
			path = Shapes1;
			sourceTree = "<group>";
		};
		7D2B26F21650DFE000B66AED /* Supporting Files */ = {
			isa = PBXGroup;
			children = (
				7D2B26F31650DFE000B66AED /* Shapes1-Prefix.pch */,
			);
			name = "Supporting Files";
			sourceTree = "<group>";
		};
/* End PBXGroup section */

/* Begin PBXNativeTarget section */
		7D2B26E81650DFE000B66AED /* Shapes1 */ = {
			isa = PBXNativeTarget;
			buildConfigurationList = 7D2B26F81650DFE000B66AED /* Build configuration list for PBXNativeTarget "Shapes1" */;
			buildPhases = (
				7D2B26E51650DFE000B66AED /* Sources */,
				7D2B26E61650DFE000B66AED /* Frameworks */,
				7D2B26E71650DFE000B66AED /* CopyFiles */,
			);
			buildRules = (
			);
			dependencies = (
			);
			name = Shapes1;
			productName = Shapes1;
			productReference = 7D2B26E91650DFE000B66AED /* Shapes1 */;
			productType = "com.apple.product-type.tool";
		};
/* End PBXNativeTarget section */

/* Begin PBXProject section */
		7D2B26E01650DFE000B66AED /* Project object */ = {
			isa = PBXProject;
			attributes = {
				LastUpgradeCheck = 0440;
				ORGANIZATIONNAME = whqcnn;
			};
			buildConfigurationList = 7D2B26E31650DFE000B66AED /* Build configuration list for PBXProject "Shapes1" */;
			compatibilityVersion = "Xcode 3.2";
			developmentRegion = English;
			hasScannedForEncodings = 0;
			knownRegions = (
				en,
			);
			mainGroup = 7D2B26DE1650DFE000B66AED;
			productRefGroup = 7D2B26EA1650DFE000B66AED /* Products */;
			projectDirPath = "";
			projectRoot = "";
			targets = (
				7D2B26E81650DFE000B66AED /* Shapes1 */,
			);
		};
/* End PBXProject section */

/* Begin PBXSourcesBuildPhase section */
		7D2B26E51650DFE000B66AED /* Sources */ = {
			isa = PBXSourcesBuildPhase;
			buildActionMask = 2147483647;
			files = (
				7D2B26F11650DFE000B66AED /* main.m in Sources */,
			);
			runOnlyForDeploymentPostprocessing = 0;
		};
/* End PBXSourcesBuildPhase section */

/* Begin XCBuildConfiguration section */
		7D2B26F61650DFE000B66AED /* Debug */ = {
			isa = XCBuildConfiguration;
			buildSettings = {
				ALWAYS_SEARCH_USER_PATHS = NO;
				ARCHS = "$(ARCHS_STANDARD_64_BIT)";
				CLANG_CXX_LANGUAGE_STANDARD = "gnu++0x";
				CLANG_WARN__DUPLICATE_METHOD_MATCH = YES;
				COPY_PHASE_STRIP = NO;
				GCC_C_LANGUAGE_STANDARD = gnu99;
				GCC_DYNAMIC_NO_PIC = NO;
				GCC_ENABLE_OBJC_EXCEPTIONS = YES;
				GCC_OPTIMIZATION_LEVEL = 0;
				GCC_PREPROCESSOR_DEFINITIONS = (
					"DEBUG=1",
					"$(inherited)",
				);
				GCC_SYMBOLS_PRIVATE_EXTERN = NO;
				GCC_WARN_64_TO_32_BIT_CONVERSION = YES;
				GCC_WARN_ABOUT_RETURN_TYPE = YES;
				GCC_WARN_UNINITIALIZED_AUTOS = YES;
				GCC_WARN_UNUSED_VARIABLE = YES;
				MACOSX_DEPLOYMENT_TARGET = 10.8;
				ONLY_ACTIVE_ARCH = YES;
				SDKROOT = macosx;
			};
			name = Debug;
		};
		7D2B26F71650DFE000B66AED /* Release */ = {
			isa = XCBuildConfiguration;
			buildSettings = {
				ALWAYS_SEARCH_USER_PATHS = NO;
				ARCHS = "$(ARCHS_STANDARD_64_BIT)";
				CLANG_CXX_LANGUAGE_STANDARD = "gnu++0x";
				CLANG_WARN__DUPLICATE_METHOD_MATCH = YES;
				COPY_PHASE_STRIP = YES;
				DEBUG_INFORMATION_FORMAT = "dwarf-with-dsym";
				GCC_C_LANGUAGE_STANDARD = gnu99;
				GCC_ENABLE_OBJC_EXCEPTIONS = YES;
				GCC_WARN_64_TO_32_BIT_CONVERSION = YES;
				GCC_WARN_ABOUT_RETURN_TYPE = YES;
				GCC_WARN_UNINITIALIZED_AUTOS = YES;
				GCC_WARN_UNUSED_VARIABLE = YES;
				MACOSX_DEPLOYMENT_TARGET = 10.8;
				SDKROOT = macosx;
			};
			name = Release;
		};
		7D2B26F91650DFE000B66AED /* Debug */ = {
			isa = XCBuildConfiguration;
			buildSettings = {
				GCC_PRECOMPILE_PREFIX_HEADER = YES;
				GCC_PREFIX_HEADER = "Shapes1/Shapes1-Prefix.pch";
				PRODUCT_NAME = "$(TARGET_NAME)";
			};
			name = Debug;
		};
		7D2B26FA1650DFE000B66AED /* Release */ = {
			isa = XCBuildConfiguration;
			buildSettings = {
				GCC_PRECOMPILE_PREFIX_HEADER = YES;
				GCC_PREFIX_HEADER = "Shapes1/Shapes1-Prefix.pch";
				PRODUCT_NAME = "$(TARGET_NAME)";
			};
			name = Release;
		};
/* End XCBuildConfiguration section */

/* Begin XCConfigurationList section */
		7D2B26E31650DFE000B66AED /* Build configuration list for PBXProject "Shapes1" */ = {
			isa = XCConfigurationList;
			buildConfigurations = (
				7D2B26F61650DFE000B66AED /* Debug */,
				7D2B26F71650DFE000B66AED /* Release */,
			);
			defaultConfigurationIsVisible = 0;
			defaultConfigurationName = Release;
		};
		7D2B26F81650DFE000B66AED /* Build configuration list for PBXNativeTarget "Shapes1" */ = {
			isa = XCConfigurationList;
			buildConfigurations = (
				7D2B26F91650DFE000B66AED /* Debug */,
				7D2B26FA1650DFE000B66AED /* Release */,
			);
			defaultConfigurationIsVisible = 0;
		};
/* End XCConfigurationList section */
	};
	rootObject = 7D2B26E01650DFE000B66AED /* Project object */;
}
